
Microsoft Visual Studio Solution File, Format Version 12.00
# Visual Studio Version 17
VisualStudioVersion = 17.0.32126.317
MinimumVisualStudioVersion = 10.0.40219.1
Project("{9A19103F-16F7-4668-BE54-9A1E7A4F7556}") = "PSP_Final_Azterketa2_Srv", "PSP_Final_Azterketa2_Srv.csproj", "{C8CD4D20-B846-4250-B80D-E75C7EF79E21}"
EndProject
Project("{9A19103F-16F7-4668-BE54-9A1E7A4F7556}") = "PSP_Final_Azterketa2_Cli", "PSP_Final_Azterketa2_Cli.csproj", "{F4CBBA66-5819-4CCB-8794-7B46B736511E}"
EndProject
Global
	GlobalSection(SolutionConfigurationPlatforms) = preSolution
		Debug|Any CPU = Debug|Any CPU
		Release|Any CPU = Release|Any CPU
	EndGlobalSection
	GlobalSection(ProjectConfigurationPlatforms) = postSolution
		{C8CD4D20-B846-4250-B80D-E75C7EF79E21}.Debug|Any CPU.ActiveCfg = Debug|Any CPU
		{C8CD4D20-B846-4250-B80D-E75C7EF79E21}.Debug|Any CPU.Build.0 = Debug|Any CPU
		{C8CD4D20-B846-4250-B80D-E75C7EF79E21}.Release|Any CPU.ActiveCfg = Release|Any CPU
		{C8CD4D20-B846-4250-B80D-E75C7EF79E21}.Release|Any CPU.Build.0 = Release|Any CPU
		{F4CBBA66-5819-4CCB-8794-7B46B736511E}.Debug|Any CPU.ActiveCfg = Debug|Any CPU
		{F4CBBA66-5819-4CCB-8794-7B46B736511E}.Debug|Any CPU.Build.0 = Debug|Any CPU
		{F4CBBA66-5819-4CCB-8794-7B46B736511E}.Release|Any CPU.ActiveCfg = Release|Any CPU
		{F4CBBA66-5819-4CCB-8794-7B46B736511E}.Release|Any CPU.Build.0 = Release|Any CPU
	EndGlobalSection
	GlobalSection(SolutionProperties) = preSolution
		HideSolutionNode = FALSE
	EndGlobalSection
	GlobalSection(ExtensibilityGlobals) = postSolution
		SolutionGuid = {F66F75AA-8CD6-4C91-A46A-6D42DF2264D5}
	EndGlobalSection
EndGlobal
