
Microsoft Visual Studio Solution File, Format Version 12.00
# Visual Studio Version 16
VisualStudioVersion = 16.0.31005.135
MinimumVisualStudioVersion = 10.0.40219.1
Project("{9A19103F-16F7-4668-BE54-9A1E7A4F7556}") = "Common", "Common\Common.csproj", "{E1EB81F0-066D-4A61-A569-46D8B5977D37}"
EndProject
Project("{9A19103F-16F7-4668-BE54-9A1E7A4F7556}") = "Cliente", "TCPClient\Cliente.csproj", "{C4A718D5-38D1-41F8-9F6C-3783CC465A0E}"
EndProject
Project("{9A19103F-16F7-4668-BE54-9A1E7A4F7556}") = "Servidor", "TCPServer\Servidor.csproj", "{74D132B2-4D50-4A64-860D-B4B69418F466}"
EndProject
Global
	GlobalSection(SolutionConfigurationPlatforms) = preSolution
		Debug|Any CPU = Debug|Any CPU
		Release|Any CPU = Release|Any CPU
	EndGlobalSection
	GlobalSection(ProjectConfigurationPlatforms) = postSolution
		{E1EB81F0-066D-4A61-A569-46D8B5977D37}.Debug|Any CPU.ActiveCfg = Debug|Any CPU
		{E1EB81F0-066D-4A61-A569-46D8B5977D37}.Debug|Any CPU.Build.0 = Debug|Any CPU
		{E1EB81F0-066D-4A61-A569-46D8B5977D37}.Release|Any CPU.ActiveCfg = Release|Any CPU
		{E1EB81F0-066D-4A61-A569-46D8B5977D37}.Release|Any CPU.Build.0 = Release|Any CPU
		{C4A718D5-38D1-41F8-9F6C-3783CC465A0E}.Debug|Any CPU.ActiveCfg = Debug|Any CPU
		{C4A718D5-38D1-41F8-9F6C-3783CC465A0E}.Debug|Any CPU.Build.0 = Debug|Any CPU
		{C4A718D5-38D1-41F8-9F6C-3783CC465A0E}.Release|Any CPU.ActiveCfg = Release|Any CPU
		{C4A718D5-38D1-41F8-9F6C-3783CC465A0E}.Release|Any CPU.Build.0 = Release|Any CPU
		{74D132B2-4D50-4A64-860D-B4B69418F466}.Debug|Any CPU.ActiveCfg = Debug|Any CPU
		{74D132B2-4D50-4A64-860D-B4B69418F466}.Debug|Any CPU.Build.0 = Debug|Any CPU
		{74D132B2-4D50-4A64-860D-B4B69418F466}.Release|Any CPU.ActiveCfg = Release|Any CPU
		{74D132B2-4D50-4A64-860D-B4B69418F466}.Release|Any CPU.Build.0 = Release|Any CPU
	EndGlobalSection
	GlobalSection(SolutionProperties) = preSolution
		HideSolutionNode = FALSE
	EndGlobalSection
	GlobalSection(ExtensibilityGlobals) = postSolution
		SolutionGuid = {F2380910-0008-4D50-89DB-715C611BFD26}
	EndGlobalSection
EndGlobal
