
Microsoft Visual Studio Solution File, Format Version 12.00
# Visual Studio Version 17
VisualStudioVersion = 17.0.32112.339
MinimumVisualStudioVersion = 10.0.40219.1
Project("{FAE04EC0-301F-11D3-BF4B-00C04F79EFBC}") = "Servidor", "Servidor.csproj", "{F43EB1CD-8B05-479F-ABA4-471A6D55ED26}"
EndProject
Global
	GlobalSection(SolutionConfigurationPlatforms) = preSolution
		Debug|Any CPU = Debug|Any CPU
		Release|Any CPU = Release|Any CPU
	EndGlobalSection
	GlobalSection(ProjectConfigurationPlatforms) = postSolution
		{F43EB1CD-8B05-479F-ABA4-471A6D55ED26}.Debug|Any CPU.ActiveCfg = Debug|Any CPU
		{F43EB1CD-8B05-479F-ABA4-471A6D55ED26}.Debug|Any CPU.Build.0 = Debug|Any CPU
		{F43EB1CD-8B05-479F-ABA4-471A6D55ED26}.Release|Any CPU.ActiveCfg = Release|Any CPU
		{F43EB1CD-8B05-479F-ABA4-471A6D55ED26}.Release|Any CPU.Build.0 = Release|Any CPU
	EndGlobalSection
	GlobalSection(SolutionProperties) = preSolution
		HideSolutionNode = FALSE
	EndGlobalSection
	GlobalSection(ExtensibilityGlobals) = postSolution
		SolutionGuid = {5FD77AEF-B7FF-4249-BB0C-5582C285BA9F}
	EndGlobalSection
EndGlobal
